
Microsoft Visual Studio Solution File, Format Version 12.00
# Visual Studio Version 16
VisualStudioVersion = 16.0.33423.256
MinimumVisualStudioVersion = 10.0.40219.1
Project("{FAE04EC0-301F-11D3-BF4B-00C04F79EFBC}") = "Harkka1", "Harkka1.csproj", "{3502FED4-66E5-49EA-B4D9-EEC69C26AA2D}"
EndProject
Project("{FAE04EC0-301F-11D3-BF4B-00C04F79EFBC}") = "Harkka1.5", "..\MessageBox\Harkka1.5.csproj", "{7F81C3FF-07A3-42D8-ADA4-7D2DA16F8B7D}"
EndProject
Project("{FAE04EC0-301F-11D3-BF4B-00C04F79EFBC}") = "H6", "..\H6\H6.csproj", "{3B302D15-1DF3-4FBA-9200-6574EB927A7F}"
EndProject
Project("{FAE04EC0-301F-11D3-BF4B-00C04F79EFBC}") = "H7", "..\H7\H7.csproj", "{DF931B90-C3C1-49AE-8142-066AD6BEB398}"
EndProject
Project("{FAE04EC0-301F-11D3-BF4B-00C04F79EFBC}") = "H8", "..\H8\H8.csproj", "{922AA489-57C4-4B6A-8966-D1F82BBF065F}"
EndProject
Project("{FAE04EC0-301F-11D3-BF4B-00C04F79EFBC}") = "H9", "..\H9\H9.csproj", "{CA3E835B-63A8-4387-B134-DF16EA6C74ED}"
EndProject
Project("{FAE04EC0-301F-11D3-BF4B-00C04F79EFBC}") = "H10", "..\H10\H10.csproj", "{0A6936B5-5B84-4282-B45B-E8A3675C4C4A}"
EndProject
Project("{FAE04EC0-301F-11D3-BF4B-00C04F79EFBC}") = "H11", "..\H11\H11.csproj", "{D5B13E84-8D31-4722-86D2-D5DC12DBC070}"
EndProject
Project("{FAE04EC0-301F-11D3-BF4B-00C04F79EFBC}") = "H12", "..\H12\H12.csproj", "{9B7C2099-5505-4832-999E-4D4D81C6A3DF}"
EndProject
Project("{FAE04EC0-301F-11D3-BF4B-00C04F79EFBC}") = "H13", "..\H13\H13.csproj", "{87FB28BE-D475-41DB-8410-35DB4734447B}"
EndProject
Project("{FAE04EC0-301F-11D3-BF4B-00C04F79EFBC}") = "H15", "..\H15\H15.csproj", "{0A938602-A3F1-4987-BDF6-31B0A5A94716}"
EndProject
Project("{FAE04EC0-301F-11D3-BF4B-00C04F79EFBC}") = "H14", "..\H14\H14.csproj", "{BF9BDFE3-5A00-4BD3-BA50-C1E0FC989F9A}"
EndProject
Project("{FAE04EC0-301F-11D3-BF4B-00C04F79EFBC}") = "H2", "..\H2\H2.csproj", "{A60E0FB9-A05F-4761-B194-7CDD6D5EF4DF}"
EndProject
Project("{FAE04EC0-301F-11D3-BF4B-00C04F79EFBC}") = "H3", "..\H3\H3.csproj", "{227CE487-3C3D-46AF-AF61-EE84898F460A}"
EndProject
Project("{FAE04EC0-301F-11D3-BF4B-00C04F79EFBC}") = "H4", "..\H4\H4.csproj", "{01D571F8-6085-4D87-9246-176ED7CD7F20}"
EndProject
Project("{FAE04EC0-301F-11D3-BF4B-00C04F79EFBC}") = "H5", "..\H5\H5.csproj", "{FD6A9C4F-8FC3-4E62-97DC-9D6CB0DCDE09}"
EndProject
Project("{FAE04EC0-301F-11D3-BF4B-00C04F79EFBC}") = "H16", "..\H16\H16.csproj", "{AA198C30-6BDB-48C1-9399-16E78C3F38B7}"
EndProject
Project("{FAE04EC0-301F-11D3-BF4B-00C04F79EFBC}") = "H17", "..\H17\H17.csproj", "{5AD22F6B-851A-44E1-A58A-B0F83BD0A44A}"
EndProject
Global
	GlobalSection(SolutionConfigurationPlatforms) = preSolution
		Debug|Any CPU = Debug|Any CPU
		Release|Any CPU = Release|Any CPU
	EndGlobalSection
	GlobalSection(ProjectConfigurationPlatforms) = postSolution
		{3502FED4-66E5-49EA-B4D9-EEC69C26AA2D}.Debug|Any CPU.ActiveCfg = Debug|Any CPU
		{3502FED4-66E5-49EA-B4D9-EEC69C26AA2D}.Debug|Any CPU.Build.0 = Debug|Any CPU
		{3502FED4-66E5-49EA-B4D9-EEC69C26AA2D}.Release|Any CPU.ActiveCfg = Release|Any CPU
		{3502FED4-66E5-49EA-B4D9-EEC69C26AA2D}.Release|Any CPU.Build.0 = Release|Any CPU
		{7F81C3FF-07A3-42D8-ADA4-7D2DA16F8B7D}.Debug|Any CPU.ActiveCfg = Debug|Any CPU
		{7F81C3FF-07A3-42D8-ADA4-7D2DA16F8B7D}.Debug|Any CPU.Build.0 = Debug|Any CPU
		{7F81C3FF-07A3-42D8-ADA4-7D2DA16F8B7D}.Release|Any CPU.ActiveCfg = Release|Any CPU
		{7F81C3FF-07A3-42D8-ADA4-7D2DA16F8B7D}.Release|Any CPU.Build.0 = Release|Any CPU
		{3B302D15-1DF3-4FBA-9200-6574EB927A7F}.Debug|Any CPU.ActiveCfg = Debug|Any CPU
		{3B302D15-1DF3-4FBA-9200-6574EB927A7F}.Debug|Any CPU.Build.0 = Debug|Any CPU
		{3B302D15-1DF3-4FBA-9200-6574EB927A7F}.Release|Any CPU.ActiveCfg = Release|Any CPU
		{3B302D15-1DF3-4FBA-9200-6574EB927A7F}.Release|Any CPU.Build.0 = Release|Any CPU
		{DF931B90-C3C1-49AE-8142-066AD6BEB398}.Debug|Any CPU.ActiveCfg = Debug|Any CPU
		{DF931B90-C3C1-49AE-8142-066AD6BEB398}.Debug|Any CPU.Build.0 = Debug|Any CPU
		{DF931B90-C3C1-49AE-8142-066AD6BEB398}.Release|Any CPU.ActiveCfg = Release|Any CPU
		{DF931B90-C3C1-49AE-8142-066AD6BEB398}.Release|Any CPU.Build.0 = Release|Any CPU
		{922AA489-57C4-4B6A-8966-D1F82BBF065F}.Debug|Any CPU.ActiveCfg = Debug|Any CPU
		{922AA489-57C4-4B6A-8966-D1F82BBF065F}.Debug|Any CPU.Build.0 = Debug|Any CPU
		{922AA489-57C4-4B6A-8966-D1F82BBF065F}.Release|Any CPU.ActiveCfg = Release|Any CPU
		{922AA489-57C4-4B6A-8966-D1F82BBF065F}.Release|Any CPU.Build.0 = Release|Any CPU
		{CA3E835B-63A8-4387-B134-DF16EA6C74ED}.Debug|Any CPU.ActiveCfg = Debug|Any CPU
		{CA3E835B-63A8-4387-B134-DF16EA6C74ED}.Debug|Any CPU.Build.0 = Debug|Any CPU
		{CA3E835B-63A8-4387-B134-DF16EA6C74ED}.Release|Any CPU.ActiveCfg = Release|Any CPU
		{CA3E835B-63A8-4387-B134-DF16EA6C74ED}.Release|Any CPU.Build.0 = Release|Any CPU
		{0A6936B5-5B84-4282-B45B-E8A3675C4C4A}.Debug|Any CPU.ActiveCfg = Debug|Any CPU
		{0A6936B5-5B84-4282-B45B-E8A3675C4C4A}.Debug|Any CPU.Build.0 = Debug|Any CPU
		{0A6936B5-5B84-4282-B45B-E8A3675C4C4A}.Release|Any CPU.ActiveCfg = Release|Any CPU
		{0A6936B5-5B84-4282-B45B-E8A3675C4C4A}.Release|Any CPU.Build.0 = Release|Any CPU
		{D5B13E84-8D31-4722-86D2-D5DC12DBC070}.Debug|Any CPU.ActiveCfg = Debug|Any CPU
		{D5B13E84-8D31-4722-86D2-D5DC12DBC070}.Debug|Any CPU.Build.0 = Debug|Any CPU
		{D5B13E84-8D31-4722-86D2-D5DC12DBC070}.Release|Any CPU.ActiveCfg = Release|Any CPU
		{D5B13E84-8D31-4722-86D2-D5DC12DBC070}.Release|Any CPU.Build.0 = Release|Any CPU
		{9B7C2099-5505-4832-999E-4D4D81C6A3DF}.Debug|Any CPU.ActiveCfg = Debug|Any CPU
		{9B7C2099-5505-4832-999E-4D4D81C6A3DF}.Debug|Any CPU.Build.0 = Debug|Any CPU
		{9B7C2099-5505-4832-999E-4D4D81C6A3DF}.Release|Any CPU.ActiveCfg = Release|Any CPU
		{9B7C2099-5505-4832-999E-4D4D81C6A3DF}.Release|Any CPU.Build.0 = Release|Any CPU
		{87FB28BE-D475-41DB-8410-35DB4734447B}.Debug|Any CPU.ActiveCfg = Debug|Any CPU
		{87FB28BE-D475-41DB-8410-35DB4734447B}.Debug|Any CPU.Build.0 = Debug|Any CPU
		{87FB28BE-D475-41DB-8410-35DB4734447B}.Release|Any CPU.ActiveCfg = Release|Any CPU
		{87FB28BE-D475-41DB-8410-35DB4734447B}.Release|Any CPU.Build.0 = Release|Any CPU
		{0A938602-A3F1-4987-BDF6-31B0A5A94716}.Debug|Any CPU.ActiveCfg = Debug|Any CPU
		{0A938602-A3F1-4987-BDF6-31B0A5A94716}.Debug|Any CPU.Build.0 = Debug|Any CPU
		{0A938602-A3F1-4987-BDF6-31B0A5A94716}.Release|Any CPU.ActiveCfg = Release|Any CPU
		{0A938602-A3F1-4987-BDF6-31B0A5A94716}.Release|Any CPU.Build.0 = Release|Any CPU
		{BF9BDFE3-5A00-4BD3-BA50-C1E0FC989F9A}.Debug|Any CPU.ActiveCfg = Debug|Any CPU
		{BF9BDFE3-5A00-4BD3-BA50-C1E0FC989F9A}.Debug|Any CPU.Build.0 = Debug|Any CPU
		{BF9BDFE3-5A00-4BD3-BA50-C1E0FC989F9A}.Release|Any CPU.ActiveCfg = Release|Any CPU
		{BF9BDFE3-5A00-4BD3-BA50-C1E0FC989F9A}.Release|Any CPU.Build.0 = Release|Any CPU
		{A60E0FB9-A05F-4761-B194-7CDD6D5EF4DF}.Debug|Any CPU.ActiveCfg = Debug|Any CPU
		{A60E0FB9-A05F-4761-B194-7CDD6D5EF4DF}.Debug|Any CPU.Build.0 = Debug|Any CPU
		{A60E0FB9-A05F-4761-B194-7CDD6D5EF4DF}.Release|Any CPU.ActiveCfg = Release|Any CPU
		{A60E0FB9-A05F-4761-B194-7CDD6D5EF4DF}.Release|Any CPU.Build.0 = Release|Any CPU
		{227CE487-3C3D-46AF-AF61-EE84898F460A}.Debug|Any CPU.ActiveCfg = Debug|Any CPU
		{227CE487-3C3D-46AF-AF61-EE84898F460A}.Debug|Any CPU.Build.0 = Debug|Any CPU
		{227CE487-3C3D-46AF-AF61-EE84898F460A}.Release|Any CPU.ActiveCfg = Release|Any CPU
		{227CE487-3C3D-46AF-AF61-EE84898F460A}.Release|Any CPU.Build.0 = Release|Any CPU
		{01D571F8-6085-4D87-9246-176ED7CD7F20}.Debug|Any CPU.ActiveCfg = Debug|Any CPU
		{01D571F8-6085-4D87-9246-176ED7CD7F20}.Debug|Any CPU.Build.0 = Debug|Any CPU
		{01D571F8-6085-4D87-9246-176ED7CD7F20}.Release|Any CPU.ActiveCfg = Release|Any CPU
		{01D571F8-6085-4D87-9246-176ED7CD7F20}.Release|Any CPU.Build.0 = Release|Any CPU
		{FD6A9C4F-8FC3-4E62-97DC-9D6CB0DCDE09}.Debug|Any CPU.ActiveCfg = Debug|Any CPU
		{FD6A9C4F-8FC3-4E62-97DC-9D6CB0DCDE09}.Debug|Any CPU.Build.0 = Debug|Any CPU
		{FD6A9C4F-8FC3-4E62-97DC-9D6CB0DCDE09}.Release|Any CPU.ActiveCfg = Release|Any CPU
		{FD6A9C4F-8FC3-4E62-97DC-9D6CB0DCDE09}.Release|Any CPU.Build.0 = Release|Any CPU
		{AA198C30-6BDB-48C1-9399-16E78C3F38B7}.Debug|Any CPU.ActiveCfg = Debug|Any CPU
		{AA198C30-6BDB-48C1-9399-16E78C3F38B7}.Debug|Any CPU.Build.0 = Debug|Any CPU
		{AA198C30-6BDB-48C1-9399-16E78C3F38B7}.Release|Any CPU.ActiveCfg = Release|Any CPU
		{AA198C30-6BDB-48C1-9399-16E78C3F38B7}.Release|Any CPU.Build.0 = Release|Any CPU
		{5AD22F6B-851A-44E1-A58A-B0F83BD0A44A}.Debug|Any CPU.ActiveCfg = Debug|Any CPU
		{5AD22F6B-851A-44E1-A58A-B0F83BD0A44A}.Debug|Any CPU.Build.0 = Debug|Any CPU
		{5AD22F6B-851A-44E1-A58A-B0F83BD0A44A}.Release|Any CPU.ActiveCfg = Release|Any CPU
		{5AD22F6B-851A-44E1-A58A-B0F83BD0A44A}.Release|Any CPU.Build.0 = Release|Any CPU
	EndGlobalSection
	GlobalSection(SolutionProperties) = preSolution
		HideSolutionNode = FALSE
	EndGlobalSection
	GlobalSection(ExtensibilityGlobals) = postSolution
		SolutionGuid = {24C4B115-AC4C-4D21-98A0-75805B141667}
	EndGlobalSection
EndGlobal
